{
  "originHash" : "6c6ee778c7444a10a1a906d8639df03797f06aa404dea27b7865007655d8747d",
  "pins" : [
    {
      "identity" : "swift-embed",
      "kind" : "remoteSourceControl",
      "location" : "https://github.com/botforge-pro/swift-embed",
      "state" : {
        "revision" : "064a220ee21e5e13084770a724293444552623a0",
        "version" : "1.4.0"
      }
    },
    {
      "identity" : "yams",
      "kind" : "remoteSourceControl",
      "location" : "https://github.com/jpsim/Yams.git",
      "state" : {
        "revision" : "d41ba4e7164c0838c6d48351f7575f7f762151fe",
        "version" : "6.1.0"
      }
    }
  ],
  "version" : 3
}
