{
  "pins" : [
    {
      "identity" : "swift-embed",
      "kind" : "remoteSourceControl",
      "location" : "https://github.com/botforge-pro/swift-embed",
      "state" : {
        "revision" : "a577380d507bac674805afcfd28633bb0510af7f",
        "version" : "1.2.0"
      }
    },
    {
      "identity" : "yams",
      "kind" : "remoteSourceControl",
      "location" : "https://github.com/jpsim/Yams.git",
      "state" : {
        "revision" : "3d6871d5b4a5cd519adf233fbb576e0a2af71c17",
        "version" : "5.4.0"
      }
    }
  ],
  "version" : 2
}
